// !$*UTF8*$!
{
	archiveVersion = 1;
	classes = {
	};
	objectVersion = 50;
	objects = {

/* Begin PBXBuildFile section */
		8CFDEB9625084F2600246AAB /* AppDelegate.swift in Sources */ = {isa = PBXBuildFile; fileRef = 8CFDEB9525084F2600246AAB /* AppDelegate.swift */; };
		8CFDEB9D25084F2600246AAB /* Main.storyboard in Resources */ = {isa = PBXBuildFile; fileRef = 8CFDEB9B25084F2600246AAB /* Main.storyboard */; };
		8CFDEB9F25084F2800246AAB /* Assets.xcassets in Resources */ = {isa = PBXBuildFile; fileRef = 8CFDEB9E25084F2800246AAB /* Assets.xcassets */; };
		8CFDEBA225084F2800246AAB /* LaunchScreen.storyboard in Resources */ = {isa = PBXBuildFile; fileRef = 8CFDEBA025084F2800246AAB /* LaunchScreen.storyboard */; };
		8CFDEBAB25084F8200246AAB /* HomeViewController.swift in Sources */ = {isa = PBXBuildFile; fileRef = 8CFDEBA925084F8200246AAB /* HomeViewController.swift */; };
		8CFDEBAC25084F8200246AAB /* HomeViewController.xib in Resources */ = {isa = PBXBuildFile; fileRef = 8CFDEBAA25084F8200246AAB /* HomeViewController.xib */; };
		8CFDEBAE25084FD100246AAB /* Client.swift in Sources */ = {isa = PBXBuildFile; fileRef = 8CFDEBAD25084FD100246AAB /* Client.swift */; };
		8CFDEBB2250852D100246AAB /* ViewModel.swift in Sources */ = {isa = PBXBuildFile; fileRef = 8CFDEBB1250852D100246AAB /* ViewModel.swift */; };
		8CFDEBB62508581700246AAB /* Applicant.swift in Sources */ = {isa = PBXBuildFile; fileRef = 8CFDEBB52508581700246AAB /* Applicant.swift */; };
/* End PBXBuildFile section */

/* Begin PBXFileReference section */
		8CFDEB9225084F2600246AAB /* Fetch Rewards Take Home Project.app */ = {isa = PBXFileReference; explicitFileType = wrapper.application; includeInIndex = 0; path = "Fetch Rewards Take Home Project.app"; sourceTree = BUILT_PRODUCTS_DIR; };
		8CFDEB9525084F2600246AAB /* AppDelegate.swift */ = {isa = PBXFileReference; lastKnownFileType = sourcecode.swift; path = AppDelegate.swift; sourceTree = "<group>"; };
		8CFDEB9C25084F2600246AAB /* Base */ = {isa = PBXFileReference; lastKnownFileType = file.storyboard; name = Base; path = Base.lproj/Main.storyboard; sourceTree = "<group>"; };
		8CFDEB9E25084F2800246AAB /* Assets.xcassets */ = {isa = PBXFileReference; lastKnownFileType = folder.assetcatalog; path = Assets.xcassets; sourceTree = "<group>"; };
		8CFDEBA125084F2800246AAB /* Base */ = {isa = PBXFileReference; lastKnownFileType = file.storyboard; name = Base; path = Base.lproj/LaunchScreen.storyboard; sourceTree = "<group>"; };
		8CFDEBA325084F2800246AAB /* Info.plist */ = {isa = PBXFileReference; lastKnownFileType = text.plist.xml; path = Info.plist; sourceTree = "<group>"; };
		8CFDEBA925084F8200246AAB /* HomeViewController.swift */ = {isa = PBXFileReference; lastKnownFileType = sourcecode.swift; path = HomeViewController.swift; sourceTree = "<group>"; };
		8CFDEBAA25084F8200246AAB /* HomeViewController.xib */ = {isa = PBXFileReference; lastKnownFileType = file.xib; path = HomeViewController.xib; sourceTree = "<group>"; };
		8CFDEBAD25084FD100246AAB /* Client.swift */ = {isa = PBXFileReference; lastKnownFileType = sourcecode.swift; path = Client.swift; sourceTree = "<group>"; };
		8CFDEBB1250852D100246AAB /* ViewModel.swift */ = {isa = PBXFileReference; lastKnownFileType = sourcecode.swift; path = ViewModel.swift; sourceTree = "<group>"; };
		8CFDEBB52508581700246AAB /* Applicant.swift */ = {isa = PBXFileReference; lastKnownFileType = sourcecode.swift; path = Applicant.swift; sourceTree = "<group>"; };
/* End PBXFileReference section */

/* Begin PBXFrameworksBuildPhase section */
		8CFDEB8F25084F2600246AAB /* Frameworks */ = {
			isa = PBXFrameworksBuildPhase;
			buildActionMask = 2147483647;
			files = (
			);
			runOnlyForDeploymentPostprocessing = 0;
		};
/* End PBXFrameworksBuildPhase section */

/* Begin PBXGroup section */
		8CCCAEE5250D5DA800FF0712 /* Model */ = {
			isa = PBXGroup;
			children = (
				8CFDEBB52508581700246AAB /* Applicant.swift */,
			);
			path = Model;
			sourceTree = "<group>";
		};
		8CCCAEE6250D5DB400FF0712 /* Service */ = {
			isa = PBXGroup;
			children = (
				8CFDEBAD25084FD100246AAB /* Client.swift */,
			);
			path = Service;
			sourceTree = "<group>";
		};
		8CCCAEE7250D5DC400FF0712 /* ViewModel */ = {
			isa = PBXGroup;
			children = (
				8CFDEBB1250852D100246AAB /* ViewModel.swift */,
			);
			path = ViewModel;
			sourceTree = "<group>";
		};
		8CCCAEE8250D5DD200FF0712 /* View */ = {
			isa = PBXGroup;
			children = (
				8CFDEBA925084F8200246AAB /* HomeViewController.swift */,
				8CFDEBAA25084F8200246AAB /* HomeViewController.xib */,
			);
			path = View;
			sourceTree = "<group>";
		};
		8CFDEB8925084F2600246AAB = {
			isa = PBXGroup;
			children = (
				8CFDEB9425084F2600246AAB /* Fetch Rewards Take Home Project */,
				8CFDEB9325084F2600246AAB /* Products */,
			);
			sourceTree = "<group>";
		};
		8CFDEB9325084F2600246AAB /* Products */ = {
			isa = PBXGroup;
			children = (
				8CFDEB9225084F2600246AAB /* Fetch Rewards Take Home Project.app */,
			);
			name = Products;
			sourceTree = "<group>";
		};
		8CFDEB9425084F2600246AAB /* Fetch Rewards Take Home Project */ = {
			isa = PBXGroup;
			children = (
				8CFDEB9525084F2600246AAB /* AppDelegate.swift */,
				8CCCAEE8250D5DD200FF0712 /* View */,
				8CCCAEE5250D5DA800FF0712 /* Model */,
				8CCCAEE6250D5DB400FF0712 /* Service */,
				8CCCAEE7250D5DC400FF0712 /* ViewModel */,
				8CFDEB9B25084F2600246AAB /* Main.storyboard */,
				8CFDEB9E25084F2800246AAB /* Assets.xcassets */,
				8CFDEBA025084F2800246AAB /* LaunchScreen.storyboard */,
				8CFDEBA325084F2800246AAB /* Info.plist */,
			);
			path = "Fetch Rewards Take Home Project";
			sourceTree = "<group>";
		};
/* End PBXGroup section */

/* Begin PBXNativeTarget section */
		8CFDEB9125084F2600246AAB /* Fetch Rewards Take Home Project */ = {
			isa = PBXNativeTarget;
			buildConfigurationList = 8CFDEBA625084F2800246AAB /* Build configuration list for PBXNativeTarget "Fetch Rewards Take Home Project" */;
			buildPhases = (
				8CFDEB8E25084F2600246AAB /* Sources */,
				8CFDEB8F25084F2600246AAB /* Frameworks */,
				8CFDEB9025084F2600246AAB /* Resources */,
			);
			buildRules = (
			);
			dependencies = (
			);
			name = "Fetch Rewards Take Home Project";
			productName = "Fetch Rewards Take Home Project";
			productReference = 8CFDEB9225084F2600246AAB /* Fetch Rewards Take Home Project.app */;
			productType = "com.apple.product-type.application";
		};
/* End PBXNativeTarget section */

/* Begin PBXProject section */
		8CFDEB8A25084F2600246AAB /* Project object */ = {
			isa = PBXProject;
			attributes = {
				LastSwiftUpdateCheck = 1130;
				LastUpgradeCheck = 1130;
				ORGANIZATIONNAME = "Valerie Don";
				TargetAttributes = {
					8CFDEB9125084F2600246AAB = {
						CreatedOnToolsVersion = 11.3.1;
					};
				};
			};
			buildConfigurationList = 8CFDEB8D25084F2600246AAB /* Build configuration list for PBXProject "Fetch Rewards Take Home Project" */;
			compatibilityVersion = "Xcode 9.3";
			developmentRegion = en;
			hasScannedForEncodings = 0;
			knownRegions = (
				en,
				Base,
			);
			mainGroup = 8CFDEB8925084F2600246AAB;
			productRefGroup = 8CFDEB9325084F2600246AAB /* Products */;
			projectDirPath = "";
			projectRoot = "";
			targets = (
				8CFDEB9125084F2600246AAB /* Fetch Rewards Take Home Project */,
			);
		};
/* End PBXProject section */

/* Begin PBXResourcesBuildPhase section */
		8CFDEB9025084F2600246AAB /* Resources */ = {
			isa = PBXResourcesBuildPhase;
			buildActionMask = 2147483647;
			files = (
				8CFDEBA225084F2800246AAB /* LaunchScreen.storyboard in Resources */,
				8CFDEB9F25084F2800246AAB /* Assets.xcassets in Resources */,
				8CFDEB9D25084F2600246AAB /* Main.storyboard in Resources */,
				8CFDEBAC25084F8200246AAB /* HomeViewController.xib in Resources */,
			);
			runOnlyForDeploymentPostprocessing = 0;
		};
/* End PBXResourcesBuildPhase section */

/* Begin PBXSourcesBuildPhase section */
		8CFDEB8E25084F2600246AAB /* Sources */ = {
			isa = PBXSourcesBuildPhase;
			buildActionMask = 2147483647;
			files = (
				8CFDEBB2250852D100246AAB /* ViewModel.swift in Sources */,
				8CFDEB9625084F2600246AAB /* AppDelegate.swift in Sources */,
				8CFDEBAB25084F8200246AAB /* HomeViewController.swift in Sources */,
				8CFDEBB62508581700246AAB /* Applicant.swift in Sources */,
				8CFDEBAE25084FD100246AAB /* Client.swift in Sources */,
			);
			runOnlyForDeploymentPostprocessing = 0;
		};
/* End PBXSourcesBuildPhase section */

/* Begin PBXVariantGroup section */
		8CFDEB9B25084F2600246AAB /* Main.storyboard */ = {
			isa = PBXVariantGroup;
			children = (
				8CFDEB9C25084F2600246AAB /* Base */,
			);
			name = Main.storyboard;
			sourceTree = "<group>";
		};
		8CFDEBA025084F2800246AAB /* LaunchScreen.storyboard */ = {
			isa = PBXVariantGroup;
			children = (
				8CFDEBA125084F2800246AAB /* Base */,
			);
			name = LaunchScreen.storyboard;
			sourceTree = "<group>";
		};
/* End PBXVariantGroup section */

/* Begin XCBuildConfiguration section */
		8CFDEBA425084F2800246AAB /* Debug */ = {
			isa = XCBuildConfiguration;
			buildSettings = {
				ALWAYS_SEARCH_USER_PATHS = NO;
				CLANG_ANALYZER_NONNULL = YES;
				CLANG_ANALYZER_NUMBER_OBJECT_CONVERSION = YES_AGGRESSIVE;
				CLANG_CXX_LANGUAGE_STANDARD = "gnu++14";
				CLANG_CXX_LIBRARY = "libc++";
				CLANG_ENABLE_MODULES = YES;
				CLANG_ENABLE_OBJC_ARC = YES;
				CLANG_ENABLE_OBJC_WEAK = YES;
				CLANG_WARN_BLOCK_CAPTURE_AUTORELEASING = YES;
				CLANG_WARN_BOOL_CONVERSION = YES;
				CLANG_WARN_COMMA = YES;
				CLANG_WARN_CONSTANT_CONVERSION = YES;
				CLANG_WARN_DEPRECATED_OBJC_IMPLEMENTATIONS = YES;
				CLANG_WARN_DIRECT_OBJC_ISA_USAGE = YES_ERROR;
				CLANG_WARN_DOCUMENTATION_COMMENTS = YES;
				CLANG_WARN_EMPTY_BODY = YES;
				CLANG_WARN_ENUM_CONVERSION = YES;
				CLANG_WARN_INFINITE_RECURSION = YES;
				CLANG_WARN_INT_CONVERSION = YES;
				CLANG_WARN_NON_LITERAL_NULL_CONVERSION = YES;
				CLANG_WARN_OBJC_IMPLICIT_RETAIN_SELF = YES;
				CLANG_WARN_OBJC_LITERAL_CONVERSION = YES;
				CLANG_WARN_OBJC_ROOT_CLASS = YES_ERROR;
				CLANG_WARN_RANGE_LOOP_ANALYSIS = YES;
				CLANG_WARN_STRICT_PROTOTYPES = YES;
				CLANG_WARN_SUSPICIOUS_MOVE = YES;
				CLANG_WARN_UNGUARDED_AVAILABILITY = YES_AGGRESSIVE;
				CLANG_WARN_UNREACHABLE_CODE = YES;
				CLANG_WARN__DUPLICATE_METHOD_MATCH = YES;
				COPY_PHASE_STRIP = NO;
				DEBUG_INFORMATION_FORMAT = dwarf;
				ENABLE_STRICT_OBJC_MSGSEND = YES;
				ENABLE_TESTABILITY = YES;
				GCC_C_LANGUAGE_STANDARD = gnu11;
				GCC_DYNAMIC_NO_PIC = NO;
				GCC_NO_COMMON_BLOCKS = YES;
				GCC_OPTIMIZATION_LEVEL = 0;
				GCC_PREPROCESSOR_DEFINITIONS = (
					"DEBUG=1",
					"$(inherited)",
				);
				GCC_WARN_64_TO_32_BIT_CONVERSION = YES;
				GCC_WARN_ABOUT_RETURN_TYPE = YES_ERROR;
				GCC_WARN_UNDECLARED_SELECTOR = YES;
				GCC_WARN_UNINITIALIZED_AUTOS = YES_AGGRESSIVE;
				GCC_WARN_UNUSED_FUNCTION = YES;
				GCC_WARN_UNUSED_VARIABLE = YES;
				IPHONEOS_DEPLOYMENT_TARGET = 13.2;
				MTL_ENABLE_DEBUG_INFO = INCLUDE_SOURCE;
				MTL_FAST_MATH = YES;
				ONLY_ACTIVE_ARCH = YES;
				SDKROOT = iphoneos;
				SWIFT_ACTIVE_COMPILATION_CONDITIONS = DEBUG;
				SWIFT_OPTIMIZATION_LEVEL = "-Onone";
			};
			name = Debug;
		};
		8CFDEBA525084F2800246AAB /* Release */ = {
			isa = XCBuildConfiguration;
			buildSettings = {
				ALWAYS_SEARCH_USER_PATHS = NO;
				CLANG_ANALYZER_NONNULL = YES;
				CLANG_ANALYZER_NUMBER_OBJECT_CONVERSION = YES_AGGRESSIVE;
				CLANG_CXX_LANGUAGE_STANDARD = "gnu++14";
				CLANG_CXX_LIBRARY = "libc++";
				CLANG_ENABLE_MODULES = YES;
				CLANG_ENABLE_OBJC_ARC = YES;
				CLANG_ENABLE_OBJC_WEAK = YES;
				CLANG_WARN_BLOCK_CAPTURE_AUTORELEASING = YES;
				CLANG_WARN_BOOL_CONVERSION = YES;
				CLANG_WARN_COMMA = YES;
				CLANG_WARN_CONSTANT_CONVERSION = YES;
				CLANG_WARN_DEPRECATED_OBJC_IMPLEMENTATIONS = YES;
				CLANG_WARN_DIRECT_OBJC_ISA_USAGE = YES_ERROR;
				CLANG_WARN_DOCUMENTATION_COMMENTS = YES;
				CLANG_WARN_EMPTY_BODY = YES;
				CLANG_WARN_ENUM_CONVERSION = YES;
				CLANG_WARN_INFINITE_RECURSION = YES;
				CLANG_WARN_INT_CONVERSION = YES;
				CLANG_WARN_NON_LITERAL_NULL_CONVERSION = YES;
				CLANG_WARN_OBJC_IMPLICIT_RETAIN_SELF = YES;
				CLANG_WARN_OBJC_LITERAL_CONVERSION = YES;
				CLANG_WARN_OBJC_ROOT_CLASS = YES_ERROR;
				CLANG_WARN_RANGE_LOOP_ANALYSIS = YES;
				CLANG_WARN_STRICT_PROTOTYPES = YES;
				CLANG_WARN_SUSPICIOUS_MOVE = YES;
				CLANG_WARN_UNGUARDED_AVAILABILITY = YES_AGGRESSIVE;
				CLANG_WARN_UNREACHABLE_CODE = YES;
				CLANG_WARN__DUPLICATE_METHOD_MATCH = YES;
				COPY_PHASE_STRIP = NO;
				DEBUG_INFORMATION_FORMAT = "dwarf-with-dsym";
				ENABLE_NS_ASSERTIONS = NO;
				ENABLE_STRICT_OBJC_MSGSEND = YES;
				GCC_C_LANGUAGE_STANDARD = gnu11;
				GCC_NO_COMMON_BLOCKS = YES;
				GCC_WARN_64_TO_32_BIT_CONVERSION = YES;
				GCC_WARN_ABOUT_RETURN_TYPE = YES_ERROR;
				GCC_WARN_UNDECLARED_SELECTOR = YES;
				GCC_WARN_UNINITIALIZED_AUTOS = YES_AGGRESSIVE;
				GCC_WARN_UNUSED_FUNCTION = YES;
				GCC_WARN_UNUSED_VARIABLE = YES;
				IPHONEOS_DEPLOYMENT_TARGET = 13.2;
				MTL_ENABLE_DEBUG_INFO = NO;
				MTL_FAST_MATH = YES;
				SDKROOT = iphoneos;
				SWIFT_COMPILATION_MODE = wholemodule;
				SWIFT_OPTIMIZATION_LEVEL = "-O";
				VALIDATE_PRODUCT = YES;
			};
			name = Release;
		};
		8CFDEBA725084F2800246AAB /* Debug */ = {
			isa = XCBuildConfiguration;
			buildSettings = {
				ASSETCATALOG_COMPILER_APPICON_NAME = AppIcon;
				CODE_SIGN_STYLE = Automatic;
				DEVELOPMENT_TEAM = 445RAN3N26;
				INFOPLIST_FILE = "Fetch Rewards Take Home Project/Info.plist";
				LD_RUNPATH_SEARCH_PATHS = (
					"$(inherited)",
					"@executable_path/Frameworks",
				);
				PRODUCT_BUNDLE_IDENTIFIER = "ValerieDon.Fetch-Rewards-Take-Home-Project";
				PRODUCT_NAME = "$(TARGET_NAME)";
				SWIFT_VERSION = 5.0;
				TARGETED_DEVICE_FAMILY = "1,2";
			};
			name = Debug;
		};
		8CFDEBA825084F2800246AAB /* Release */ = {
			isa = XCBuildConfiguration;
			buildSettings = {
				ASSETCATALOG_COMPILER_APPICON_NAME = AppIcon;
				CODE_SIGN_STYLE = Automatic;
				DEVELOPMENT_TEAM = 445RAN3N26;
				INFOPLIST_FILE = "Fetch Rewards Take Home Project/Info.plist";
				LD_RUNPATH_SEARCH_PATHS = (
					"$(inherited)",
					"@executable_path/Frameworks",
				);
				PRODUCT_BUNDLE_IDENTIFIER = "ValerieDon.Fetch-Rewards-Take-Home-Project";
				PRODUCT_NAME = "$(TARGET_NAME)";
				SWIFT_VERSION = 5.0;
				TARGETED_DEVICE_FAMILY = "1,2";
			};
			name = Release;
		};
/* End XCBuildConfiguration section */

/* Begin XCConfigurationList section */
		8CFDEB8D25084F2600246AAB /* Build configuration list for PBXProject "Fetch Rewards Take Home Project" */ = {
			isa = XCConfigurationList;
			buildConfigurations = (
				8CFDEBA425084F2800246AAB /* Debug */,
				8CFDEBA525084F2800246AAB /* Release */,
			);
			defaultConfigurationIsVisible = 0;
			defaultConfigurationName = Release;
		};
		8CFDEBA625084F2800246AAB /* Build configuration list for PBXNativeTarget "Fetch Rewards Take Home Project" */ = {
			isa = XCConfigurationList;
			buildConfigurations = (
				8CFDEBA725084F2800246AAB /* Debug */,
				8CFDEBA825084F2800246AAB /* Release */,
			);
			defaultConfigurationIsVisible = 0;
			defaultConfigurationName = Release;
		};
/* End XCConfigurationList section */
	};
	rootObject = 8CFDEB8A25084F2600246AAB /* Project object */;
}
